
Microsoft Visual Studio Solution File, Format Version 12.00
# Visual Studio Version 16
VisualStudioVersion = 16.0.31025.194
MinimumVisualStudioVersion = 10.0.40219.1
Project("{9A19103F-16F7-4668-BE54-9A1E7A4F7556}") = "WebAPI", "WebAPI.csproj", "{A023E628-DE40-4BB5-B56E-0C3C76DF734B}"
EndProject
Global
	GlobalSection(SolutionConfigurationPlatforms) = preSolution
		Debug|Any CPU = Debug|Any CPU
		Release|Any CPU = Release|Any CPU
	EndGlobalSection
	GlobalSection(ProjectConfigurationPlatforms) = postSolution
		{A023E628-DE40-4BB5-B56E-0C3C76DF734B}.Debug|Any CPU.ActiveCfg = Debug|Any CPU
		{A023E628-DE40-4BB5-B56E-0C3C76DF734B}.Debug|Any CPU.Build.0 = Debug|Any CPU
		{A023E628-DE40-4BB5-B56E-0C3C76DF734B}.Release|Any CPU.ActiveCfg = Release|Any CPU
		{A023E628-DE40-4BB5-B56E-0C3C76DF734B}.Release|Any CPU.Build.0 = Release|Any CPU
	EndGlobalSection
	GlobalSection(SolutionProperties) = preSolution
		HideSolutionNode = FALSE
	EndGlobalSection
	GlobalSection(ExtensibilityGlobals) = postSolution
		SolutionGuid = {7BC18C7B-FE98-429B-A078-7AC96F446E63}
	EndGlobalSection
EndGlobal
